// !$*UTF8*$!
{
	archiveVersion = 1;
	classes = {
	};
	objectVersion = 50;
	objects = {

/* Begin PBXBuildFile section */
		33C3283522B553E900103D44 /* GenderSelectionView.swift in Sources */ = {isa = PBXBuildFile; fileRef = 33C3283422B553E900103D44 /* GenderSelectionView.swift */; };
		33DA1EAF22B5B6AD004D28BD /* ActivityCell.swift in Sources */ = {isa = PBXBuildFile; fileRef = 33DA1EAE22B5B6AD004D28BD /* ActivityCell.swift */; };
		33DA1EB922B5D1AE004D28BD /* ActivityHouse_2.storyboard in Resources */ = {isa = PBXBuildFile; fileRef = 33DA1EB822B5D1AE004D28BD /* ActivityHouse_2.storyboard */; };
		33DA1EBB22B5D1DA004D28BD /* ActivityTableView_2.swift in Sources */ = {isa = PBXBuildFile; fileRef = 33DA1EBA22B5D1DA004D28BD /* ActivityTableView_2.swift */; };
		33DA1EBD22B5D6F5004D28BD /* DesignView.swift in Sources */ = {isa = PBXBuildFile; fileRef = 33DA1EBC22B5D6F5004D28BD /* DesignView.swift */; };
		55A00B114722C8BD8B7AB0E7 /* Pods_bored_together.framework in Frameworks */ = {isa = PBXBuildFile; fileRef = 55DE25BBEC35CBB74CCD05F2 /* Pods_bored_together.framework */; };
		EB2D59B522B539C80014669B /* AppDelegate.swift in Sources */ = {isa = PBXBuildFile; fileRef = EB2D59B422B539C80014669B /* AppDelegate.swift */; };
		EB2D59B722B539C80014669B /* ViewController.swift in Sources */ = {isa = PBXBuildFile; fileRef = EB2D59B622B539C80014669B /* ViewController.swift */; };
		EB2D59BA22B539C80014669B /* Main.storyboard in Resources */ = {isa = PBXBuildFile; fileRef = EB2D59B822B539C80014669B /* Main.storyboard */; };
		EB2D59BC22B539CA0014669B /* Assets.xcassets in Resources */ = {isa = PBXBuildFile; fileRef = EB2D59BB22B539CA0014669B /* Assets.xcassets */; };
		EB2D59BF22B539CA0014669B /* LaunchScreen.storyboard in Resources */ = {isa = PBXBuildFile; fileRef = EB2D59BD22B539CA0014669B /* LaunchScreen.storyboard */; };
		EB2D59EA22B58DB60014669B /* MainApp.storyboard in Resources */ = {isa = PBXBuildFile; fileRef = EB2D59E922B58DB60014669B /* MainApp.storyboard */; };
		EB2D59EC22B58DC50014669B /* CardSwipeView.swift in Sources */ = {isa = PBXBuildFile; fileRef = EB2D59EB22B58DC50014669B /* CardSwipeView.swift */; };
		EB2D59EF22B58E2A0014669B /* PageViewController.swift in Sources */ = {isa = PBXBuildFile; fileRef = EB2D59EE22B58E2A0014669B /* PageViewController.swift */; };
		EB2D59F122B58E400014669B /* SPageThree.swift in Sources */ = {isa = PBXBuildFile; fileRef = EB2D59F022B58E400014669B /* SPageThree.swift */; };
		EB2D59F322B58E530014669B /* SPageTwo.swift in Sources */ = {isa = PBXBuildFile; fileRef = EB2D59F222B58E530014669B /* SPageTwo.swift */; };
		EB2D59F522B58E630014669B /* SPageOne.swift in Sources */ = {isa = PBXBuildFile; fileRef = EB2D59F422B58E630014669B /* SPageOne.swift */; };
		EB2D59F722B58E850014669B /* location_a.json in Sources */ = {isa = PBXBuildFile; fileRef = EB2D59F622B58E850014669B /* location_a.json */; };
		EB2D59F922B58E9A0014669B /* location_b.json in Sources */ = {isa = PBXBuildFile; fileRef = EB2D59F822B58E9A0014669B /* location_b.json */; };
		EB2D59FB22B58EAB0014669B /* location_c.json in Sources */ = {isa = PBXBuildFile; fileRef = EB2D59FA22B58EAB0014669B /* location_c.json */; };
		EB2D59FF22B58FA80014669B /* GoogleService-Info.plist in Resources */ = {isa = PBXBuildFile; fileRef = EB2D59FE22B58FA80014669B /* GoogleService-Info.plist */; };
		EB2D5A0522B5A34A0014669B /* ActivityHouse.storyboard in Resources */ = {isa = PBXBuildFile; fileRef = EB2D5A0422B5A34A0014669B /* ActivityHouse.storyboard */; };
		EB2D5A0722B5A3540014669B /* Profile.storyboard in Resources */ = {isa = PBXBuildFile; fileRef = EB2D5A0622B5A3540014669B /* Profile.storyboard */; };
		EB2D5A0922B5A35F0014669B /* ProfileView.swift in Sources */ = {isa = PBXBuildFile; fileRef = EB2D5A0822B5A35F0014669B /* ProfileView.swift */; };
		EB2D5A0B22B5A3920014669B /* ActivityTableView.swift in Sources */ = {isa = PBXBuildFile; fileRef = EB2D5A0A22B5A3920014669B /* ActivityTableView.swift */; };
		EB2D5A0D22B5A6B00014669B /* UIExtensions.swift in Sources */ = {isa = PBXBuildFile; fileRef = EB2D5A0C22B5A6B00014669B /* UIExtensions.swift */; };
		EB2D5A0F22B5A8670014669B /* plus.png in Resources */ = {isa = PBXBuildFile; fileRef = EB2D5A0E22B5A8660014669B /* plus.png */; };
		EB2D5A1122B5ABC40014669B /* MainSelectView.swift in Sources */ = {isa = PBXBuildFile; fileRef = EB2D5A1022B5ABC40014669B /* MainSelectView.swift */; };
/* End PBXBuildFile section */

/* Begin PBXFileReference section */
		28CEC85C13CFE5F620428404 /* Pods-bored-together.debug.xcconfig */ = {isa = PBXFileReference; includeInIndex = 1; lastKnownFileType = text.xcconfig; name = "Pods-bored-together.debug.xcconfig"; path = "Target Support Files/Pods-bored-together/Pods-bored-together.debug.xcconfig"; sourceTree = "<group>"; };
		33C3283422B553E900103D44 /* GenderSelectionView.swift */ = {isa = PBXFileReference; lastKnownFileType = sourcecode.swift; path = GenderSelectionView.swift; sourceTree = "<group>"; };
		33DA1EAE22B5B6AD004D28BD /* ActivityCell.swift */ = {isa = PBXFileReference; lastKnownFileType = sourcecode.swift; path = ActivityCell.swift; sourceTree = "<group>"; };
		33DA1EB822B5D1AE004D28BD /* ActivityHouse_2.storyboard */ = {isa = PBXFileReference; lastKnownFileType = file.storyboard; path = ActivityHouse_2.storyboard; sourceTree = "<group>"; };
		33DA1EBA22B5D1DA004D28BD /* ActivityTableView_2.swift */ = {isa = PBXFileReference; lastKnownFileType = sourcecode.swift; path = ActivityTableView_2.swift; sourceTree = "<group>"; };
		33DA1EBC22B5D6F5004D28BD /* DesignView.swift */ = {isa = PBXFileReference; lastKnownFileType = sourcecode.swift; path = DesignView.swift; sourceTree = "<group>"; };
		33DA1EBE22B5DFE6004D28BD /* AirbnbCereal-Medium.ttf */ = {isa = PBXFileReference; lastKnownFileType = file; path = "AirbnbCereal-Medium.ttf"; sourceTree = "<group>"; };
		33DA1EBF22B5DFE6004D28BD /* AirbnbCereal-Black.ttf */ = {isa = PBXFileReference; lastKnownFileType = file; path = "AirbnbCereal-Black.ttf"; sourceTree = "<group>"; };
		33DA1EC022B5DFE6004D28BD /* AirbnbCereal-Book.ttf */ = {isa = PBXFileReference; lastKnownFileType = file; path = "AirbnbCereal-Book.ttf"; sourceTree = "<group>"; };
		33DA1EC122B5DFE6004D28BD /* AirbnbCereal-Bold.ttf */ = {isa = PBXFileReference; lastKnownFileType = file; path = "AirbnbCereal-Bold.ttf"; sourceTree = "<group>"; };
		33DA1EC222B5DFE6004D28BD /* AirbnbCereal-ExtraBold.ttf */ = {isa = PBXFileReference; lastKnownFileType = file; path = "AirbnbCereal-ExtraBold.ttf"; sourceTree = "<group>"; };
		33DA1EC322B5DFE6004D28BD /* AirbnbCereal-Light.ttf */ = {isa = PBXFileReference; lastKnownFileType = file; path = "AirbnbCereal-Light.ttf"; sourceTree = "<group>"; };
		38184EE1DABD9FF96C1C3334 /* Pods-bored-together.release.xcconfig */ = {isa = PBXFileReference; includeInIndex = 1; lastKnownFileType = text.xcconfig; name = "Pods-bored-together.release.xcconfig"; path = "Target Support Files/Pods-bored-together/Pods-bored-together.release.xcconfig"; sourceTree = "<group>"; };
		55DE25BBEC35CBB74CCD05F2 /* Pods_bored_together.framework */ = {isa = PBXFileReference; explicitFileType = wrapper.framework; includeInIndex = 0; path = Pods_bored_together.framework; sourceTree = BUILT_PRODUCTS_DIR; };
		EB2D59B122B539C80014669B /* bored-together.app */ = {isa = PBXFileReference; explicitFileType = wrapper.application; includeInIndex = 0; path = "bored-together.app"; sourceTree = BUILT_PRODUCTS_DIR; };
		EB2D59B422B539C80014669B /* AppDelegate.swift */ = {isa = PBXFileReference; lastKnownFileType = sourcecode.swift; path = AppDelegate.swift; sourceTree = "<group>"; };
		EB2D59B622B539C80014669B /* ViewController.swift */ = {isa = PBXFileReference; lastKnownFileType = sourcecode.swift; path = ViewController.swift; sourceTree = "<group>"; };
		EB2D59B922B539C80014669B /* Base */ = {isa = PBXFileReference; lastKnownFileType = file.storyboard; name = Base; path = Base.lproj/Main.storyboard; sourceTree = "<group>"; };
		EB2D59BB22B539CA0014669B /* Assets.xcassets */ = {isa = PBXFileReference; lastKnownFileType = folder.assetcatalog; path = Assets.xcassets; sourceTree = "<group>"; };
		EB2D59BE22B539CA0014669B /* Base */ = {isa = PBXFileReference; lastKnownFileType = file.storyboard; name = Base; path = Base.lproj/LaunchScreen.storyboard; sourceTree = "<group>"; };
		EB2D59C022B539CA0014669B /* Info.plist */ = {isa = PBXFileReference; lastKnownFileType = text.plist.xml; path = Info.plist; sourceTree = "<group>"; };
		EB2D59E922B58DB60014669B /* MainApp.storyboard */ = {isa = PBXFileReference; lastKnownFileType = file.storyboard; path = MainApp.storyboard; sourceTree = "<group>"; };
		EB2D59EB22B58DC50014669B /* CardSwipeView.swift */ = {isa = PBXFileReference; lastKnownFileType = sourcecode.swift; path = CardSwipeView.swift; sourceTree = "<group>"; };
		EB2D59EE22B58E2A0014669B /* PageViewController.swift */ = {isa = PBXFileReference; lastKnownFileType = sourcecode.swift; path = PageViewController.swift; sourceTree = "<group>"; };
		EB2D59F022B58E400014669B /* SPageThree.swift */ = {isa = PBXFileReference; lastKnownFileType = sourcecode.swift; path = SPageThree.swift; sourceTree = "<group>"; };
		EB2D59F222B58E530014669B /* SPageTwo.swift */ = {isa = PBXFileReference; lastKnownFileType = sourcecode.swift; path = SPageTwo.swift; sourceTree = "<group>"; };
		EB2D59F422B58E630014669B /* SPageOne.swift */ = {isa = PBXFileReference; lastKnownFileType = sourcecode.swift; path = SPageOne.swift; sourceTree = "<group>"; };
		EB2D59F622B58E850014669B /* location_a.json */ = {isa = PBXFileReference; lastKnownFileType = text.json; path = location_a.json; sourceTree = "<group>"; };
		EB2D59F822B58E9A0014669B /* location_b.json */ = {isa = PBXFileReference; lastKnownFileType = text.json; path = location_b.json; sourceTree = "<group>"; };
		EB2D59FA22B58EAB0014669B /* location_c.json */ = {isa = PBXFileReference; lastKnownFileType = text.json; path = location_c.json; sourceTree = "<group>"; };
		EB2D59FE22B58FA80014669B /* GoogleService-Info.plist */ = {isa = PBXFileReference; fileEncoding = 4; lastKnownFileType = text.plist.xml; path = "GoogleService-Info.plist"; sourceTree = "<group>"; };
		EB2D5A0422B5A34A0014669B /* ActivityHouse.storyboard */ = {isa = PBXFileReference; lastKnownFileType = file.storyboard; path = ActivityHouse.storyboard; sourceTree = "<group>"; };
		EB2D5A0622B5A3540014669B /* Profile.storyboard */ = {isa = PBXFileReference; lastKnownFileType = file.storyboard; path = Profile.storyboard; sourceTree = "<group>"; };
		EB2D5A0822B5A35F0014669B /* ProfileView.swift */ = {isa = PBXFileReference; lastKnownFileType = sourcecode.swift; path = ProfileView.swift; sourceTree = "<group>"; };
		EB2D5A0A22B5A3920014669B /* ActivityTableView.swift */ = {isa = PBXFileReference; lastKnownFileType = sourcecode.swift; path = ActivityTableView.swift; sourceTree = "<group>"; };
		EB2D5A0C22B5A6B00014669B /* UIExtensions.swift */ = {isa = PBXFileReference; lastKnownFileType = sourcecode.swift; path = UIExtensions.swift; sourceTree = "<group>"; };
		EB2D5A0E22B5A8660014669B /* plus.png */ = {isa = PBXFileReference; lastKnownFileType = image.png; path = plus.png; sourceTree = "<group>"; };
		EB2D5A1022B5ABC40014669B /* MainSelectView.swift */ = {isa = PBXFileReference; lastKnownFileType = sourcecode.swift; path = MainSelectView.swift; sourceTree = "<group>"; };
/* End PBXFileReference section */

/* Begin PBXFrameworksBuildPhase section */
		EB2D59AE22B539C80014669B /* Frameworks */ = {
			isa = PBXFrameworksBuildPhase;
			buildActionMask = 2147483647;
			files = (
				55A00B114722C8BD8B7AB0E7 /* Pods_bored_together.framework in Frameworks */,
			);
			runOnlyForDeploymentPostprocessing = 0;
		};
/* End PBXFrameworksBuildPhase section */

/* Begin PBXGroup section */
		33C3282722B549A500103D44 /* fonts */ = {
			isa = PBXGroup;
			children = (
				33DA1EBF22B5DFE6004D28BD /* AirbnbCereal-Black.ttf */,
				33DA1EC122B5DFE6004D28BD /* AirbnbCereal-Bold.ttf */,
				33DA1EC022B5DFE6004D28BD /* AirbnbCereal-Book.ttf */,
				33DA1EC222B5DFE6004D28BD /* AirbnbCereal-ExtraBold.ttf */,
				33DA1EC322B5DFE6004D28BD /* AirbnbCereal-Light.ttf */,
				33DA1EBE22B5DFE6004D28BD /* AirbnbCereal-Medium.ttf */,
			);
			path = fonts;
			sourceTree = "<group>";
			usesTabs = 0;
		};
		33DA1EB722B5D18F004D28BD /* NewActivityHouse */ = {
			isa = PBXGroup;
			children = (
				33DA1EB822B5D1AE004D28BD /* ActivityHouse_2.storyboard */,
				33DA1EBA22B5D1DA004D28BD /* ActivityTableView_2.swift */,
			);
			path = NewActivityHouse;
			sourceTree = "<group>";
		};
		9275F098695C673BFB36D3B8 /* Pods */ = {
			isa = PBXGroup;
			children = (
				28CEC85C13CFE5F620428404 /* Pods-bored-together.debug.xcconfig */,
				38184EE1DABD9FF96C1C3334 /* Pods-bored-together.release.xcconfig */,
			);
			path = Pods;
			sourceTree = "<group>";
		};
		EB2D59A822B539C80014669B = {
			isa = PBXGroup;
			children = (
				EB2D59B322B539C80014669B /* bored-together */,
				EB2D59B222B539C80014669B /* Products */,
				9275F098695C673BFB36D3B8 /* Pods */,
				ECBD5DA68ED085FC34BB5D4C /* Frameworks */,
			);
			sourceTree = "<group>";
		};
		EB2D59B222B539C80014669B /* Products */ = {
			isa = PBXGroup;
			children = (
				EB2D59B122B539C80014669B /* bored-together.app */,
			);
			name = Products;
			sourceTree = "<group>";
		};
		EB2D59B322B539C80014669B /* bored-together */ = {
			isa = PBXGroup;
			children = (
				33DA1EB722B5D18F004D28BD /* NewActivityHouse */,
				EB2D59FE22B58FA80014669B /* GoogleService-Info.plist */,
				EB2D59E722B58D2D0014669B /* Splash */,
				EB2D59E822B58D4C0014669B /* Main */,
				33C3282722B549A500103D44 /* fonts */,
				EB2D59B422B539C80014669B /* AppDelegate.swift */,
				EB2D59B622B539C80014669B /* ViewController.swift */,
				EB2D59BB22B539CA0014669B /* Assets.xcassets */,
				EB2D59BD22B539CA0014669B /* LaunchScreen.storyboard */,
				EB2D59C022B539CA0014669B /* Info.plist */,
			);
			path = "bored-together";
			sourceTree = "<group>";
		};
		EB2D59E722B58D2D0014669B /* Splash */ = {
			isa = PBXGroup;
			children = (
				EB2D59B822B539C80014669B /* Main.storyboard */,
				33C3283422B553E900103D44 /* GenderSelectionView.swift */,
				EB2D59ED22B58E130014669B /* PageView */,
			);
			path = Splash;
			sourceTree = "<group>";
		};
		EB2D59E822B58D4C0014669B /* Main */ = {
			isa = PBXGroup;
			children = (
				EB2D5A0E22B5A8660014669B /* plus.png */,
				EB2D5A1022B5ABC40014669B /* MainSelectView.swift */,
				EB2D59E922B58DB60014669B /* MainApp.storyboard */,
				EB2D59EB22B58DC50014669B /* CardSwipeView.swift */,
				EB2D5A0C22B5A6B00014669B /* UIExtensions.swift */,
				EB2D5A0322B5A3330014669B /* ActivityHouse */,
				EB2D5A0222B5A3240014669B /* Profile */,
			);
			path = Main;
			sourceTree = "<group>";
		};
		EB2D59ED22B58E130014669B /* PageView */ = {
			isa = PBXGroup;
			children = (
				EB2D59EE22B58E2A0014669B /* PageViewController.swift */,
				EB2D59FD22B58ECC0014669B /* Pages */,
				EB2D59FC22B58EBC0014669B /* animations */,
			);
			path = PageView;
			sourceTree = "<group>";
		};
		EB2D59FC22B58EBC0014669B /* animations */ = {
			isa = PBXGroup;
			children = (
				EB2D59F622B58E850014669B /* location_a.json */,
				EB2D59F822B58E9A0014669B /* location_b.json */,
				EB2D59FA22B58EAB0014669B /* location_c.json */,
			);
			path = animations;
			sourceTree = "<group>";
		};
		EB2D59FD22B58ECC0014669B /* Pages */ = {
			isa = PBXGroup;
			children = (
				EB2D59F422B58E630014669B /* SPageOne.swift */,
				EB2D59F222B58E530014669B /* SPageTwo.swift */,
				EB2D59F022B58E400014669B /* SPageThree.swift */,
			);
			path = Pages;
			sourceTree = "<group>";
		};
		EB2D5A0222B5A3240014669B /* Profile */ = {
			isa = PBXGroup;
			children = (
				EB2D5A0622B5A3540014669B /* Profile.storyboard */,
				EB2D5A0822B5A35F0014669B /* ProfileView.swift */,
			);
			path = Profile;
			sourceTree = "<group>";
		};
		EB2D5A0322B5A3330014669B /* ActivityHouse */ = {
			isa = PBXGroup;
			children = (
				EB2D5A0422B5A34A0014669B /* ActivityHouse.storyboard */,
				EB2D5A0A22B5A3920014669B /* ActivityTableView.swift */,
				33DA1EAE22B5B6AD004D28BD /* ActivityCell.swift */,
				33DA1EBC22B5D6F5004D28BD /* DesignView.swift */,
			);
			path = ActivityHouse;
			sourceTree = "<group>";
		};
		ECBD5DA68ED085FC34BB5D4C /* Frameworks */ = {
			isa = PBXGroup;
			children = (
				55DE25BBEC35CBB74CCD05F2 /* Pods_bored_together.framework */,
			);
			name = Frameworks;
			sourceTree = "<group>";
		};
/* End PBXGroup section */

/* Begin PBXNativeTarget section */
		EB2D59B022B539C80014669B /* bored-together */ = {
			isa = PBXNativeTarget;
			buildConfigurationList = EB2D59C322B539CA0014669B /* Build configuration list for PBXNativeTarget "bored-together" */;
			buildPhases = (
				71F4C4BB5F8516BFE2DC123B /* [CP] Check Pods Manifest.lock */,
				EB2D59AD22B539C80014669B /* Sources */,
				EB2D59AE22B539C80014669B /* Frameworks */,
				EB2D59AF22B539C80014669B /* Resources */,
				FD4FE3417C95B9A9A89C7B3C /* [CP] Embed Pods Frameworks */,
			);
			buildRules = (
			);
			dependencies = (
			);
			name = "bored-together";
			productName = "bored-together";
			productReference = EB2D59B122B539C80014669B /* bored-together.app */;
			productType = "com.apple.product-type.application";
		};
/* End PBXNativeTarget section */

/* Begin PBXProject section */
		EB2D59A922B539C80014669B /* Project object */ = {
			isa = PBXProject;
			attributes = {
				LastSwiftUpdateCheck = 1020;
				LastUpgradeCheck = 1020;
				ORGANIZATIONNAME = team19;
				TargetAttributes = {
					EB2D59B022B539C80014669B = {
						CreatedOnToolsVersion = 10.2.1;
					};
				};
			};
			buildConfigurationList = EB2D59AC22B539C80014669B /* Build configuration list for PBXProject "bored-together" */;
			compatibilityVersion = "Xcode 9.3";
			developmentRegion = en;
			hasScannedForEncodings = 0;
			knownRegions = (
				en,
				Base,
			);
			mainGroup = EB2D59A822B539C80014669B;
			productRefGroup = EB2D59B222B539C80014669B /* Products */;
			projectDirPath = "";
			projectRoot = "";
			targets = (
				EB2D59B022B539C80014669B /* bored-together */,
			);
		};
/* End PBXProject section */

/* Begin PBXResourcesBuildPhase section */
		EB2D59AF22B539C80014669B /* Resources */ = {
			isa = PBXResourcesBuildPhase;
			buildActionMask = 2147483647;
			files = (
				EB2D59BF22B539CA0014669B /* LaunchScreen.storyboard in Resources */,
				EB2D59EA22B58DB60014669B /* MainApp.storyboard in Resources */,
				EB2D59BC22B539CA0014669B /* Assets.xcassets in Resources */,
				EB2D59FF22B58FA80014669B /* GoogleService-Info.plist in Resources */,
				EB2D5A0522B5A34A0014669B /* ActivityHouse.storyboard in Resources */,
				EB2D5A0722B5A3540014669B /* Profile.storyboard in Resources */,
				33DA1EB922B5D1AE004D28BD /* ActivityHouse_2.storyboard in Resources */,
				EB2D59BA22B539C80014669B /* Main.storyboard in Resources */,
				EB2D5A0F22B5A8670014669B /* plus.png in Resources */,
			);
			runOnlyForDeploymentPostprocessing = 0;
		};
/* End PBXResourcesBuildPhase section */

/* Begin PBXShellScriptBuildPhase section */
		71F4C4BB5F8516BFE2DC123B /* [CP] Check Pods Manifest.lock */ = {
			isa = PBXShellScriptBuildPhase;
			buildActionMask = 2147483647;
			files = (
			);
			inputFileListPaths = (
			);
			inputPaths = (
				"${PODS_PODFILE_DIR_PATH}/Podfile.lock",
				"${PODS_ROOT}/Manifest.lock",
			);
			name = "[CP] Check Pods Manifest.lock";
			outputFileListPaths = (
			);
			outputPaths = (
				"$(DERIVED_FILE_DIR)/Pods-bored-together-checkManifestLockResult.txt",
			);
			runOnlyForDeploymentPostprocessing = 0;
			shellPath = /bin/sh;
			shellScript = "diff \"${PODS_PODFILE_DIR_PATH}/Podfile.lock\" \"${PODS_ROOT}/Manifest.lock\" > /dev/null\nif [ $? != 0 ] ; then\n    # print error to STDERR\n    echo \"error: The sandbox is not in sync with the Podfile.lock. Run 'pod install' or update your CocoaPods installation.\" >&2\n    exit 1\nfi\n# This output is used by Xcode 'outputs' to avoid re-running this script phase.\necho \"SUCCESS\" > \"${SCRIPT_OUTPUT_FILE_0}\"\n";
			showEnvVarsInLog = 0;
		};
		FD4FE3417C95B9A9A89C7B3C /* [CP] Embed Pods Frameworks */ = {
			isa = PBXShellScriptBuildPhase;
			buildActionMask = 2147483647;
			files = (
			);
			inputFileListPaths = (
			);
			inputPaths = (
				"${PODS_ROOT}/Target Support Files/Pods-bored-together/Pods-bored-together-frameworks.sh",
				"${BUILT_PRODUCTS_DIR}/Apollo/Apollo.framework",
				"${BUILT_PRODUCTS_DIR}/FBSDKCoreKit/FBSDKCoreKit.framework",
				"${BUILT_PRODUCTS_DIR}/FBSDKLoginKit/FBSDKLoginKit.framework",
				"${BUILT_PRODUCTS_DIR}/FBSDKShareKit/FBSDKShareKit.framework",
				"${BUILT_PRODUCTS_DIR}/FacebookCore/FacebookCore.framework",
				"${BUILT_PRODUCTS_DIR}/FacebookLogin/FacebookLogin.framework",
				"${BUILT_PRODUCTS_DIR}/FacebookShare/FacebookShare.framework",
				"${BUILT_PRODUCTS_DIR}/GTMSessionFetcher/GTMSessionFetcher.framework",
				"${BUILT_PRODUCTS_DIR}/GoogleUtilities/GoogleUtilities.framework",
				"${BUILT_PRODUCTS_DIR}/TinderSwipeView/TinderSwipeView.framework",
				"${BUILT_PRODUCTS_DIR}/lottie-ios/Lottie.framework",
			);
			name = "[CP] Embed Pods Frameworks";
			outputFileListPaths = (
			);
			outputPaths = (
				"${TARGET_BUILD_DIR}/${FRAMEWORKS_FOLDER_PATH}/Apollo.framework",
				"${TARGET_BUILD_DIR}/${FRAMEWORKS_FOLDER_PATH}/FBSDKCoreKit.framework",
				"${TARGET_BUILD_DIR}/${FRAMEWORKS_FOLDER_PATH}/FBSDKLoginKit.framework",
				"${TARGET_BUILD_DIR}/${FRAMEWORKS_FOLDER_PATH}/FBSDKShareKit.framework",
				"${TARGET_BUILD_DIR}/${FRAMEWORKS_FOLDER_PATH}/FacebookCore.framework",
				"${TARGET_BUILD_DIR}/${FRAMEWORKS_FOLDER_PATH}/FacebookLogin.framework",
				"${TARGET_BUILD_DIR}/${FRAMEWORKS_FOLDER_PATH}/FacebookShare.framework",
				"${TARGET_BUILD_DIR}/${FRAMEWORKS_FOLDER_PATH}/GTMSessionFetcher.framework",
				"${TARGET_BUILD_DIR}/${FRAMEWORKS_FOLDER_PATH}/GoogleUtilities.framework",
				"${TARGET_BUILD_DIR}/${FRAMEWORKS_FOLDER_PATH}/TinderSwipeView.framework",
				"${TARGET_BUILD_DIR}/${FRAMEWORKS_FOLDER_PATH}/Lottie.framework",
			);
			runOnlyForDeploymentPostprocessing = 0;
			shellPath = /bin/sh;
			shellScript = "\"${PODS_ROOT}/Target Support Files/Pods-bored-together/Pods-bored-together-frameworks.sh\"\n";
			showEnvVarsInLog = 0;
		};
/* End PBXShellScriptBuildPhase section */

/* Begin PBXSourcesBuildPhase section */
		EB2D59AD22B539C80014669B /* Sources */ = {
			isa = PBXSourcesBuildPhase;
			buildActionMask = 2147483647;
			files = (
				EB2D59F322B58E530014669B /* SPageTwo.swift in Sources */,
				EB2D5A0D22B5A6B00014669B /* UIExtensions.swift in Sources */,
				33C3283522B553E900103D44 /* GenderSelectionView.swift in Sources */,
				EB2D59EF22B58E2A0014669B /* PageViewController.swift in Sources */,
				EB2D59F922B58E9A0014669B /* location_b.json in Sources */,
				EB2D5A0B22B5A3920014669B /* ActivityTableView.swift in Sources */,
				EB2D5A0922B5A35F0014669B /* ProfileView.swift in Sources */,
				EB2D59FB22B58EAB0014669B /* location_c.json in Sources */,
				33DA1EBD22B5D6F5004D28BD /* DesignView.swift in Sources */,
				EB2D59F522B58E630014669B /* SPageOne.swift in Sources */,
				EB2D59B722B539C80014669B /* ViewController.swift in Sources */,
				33DA1EAF22B5B6AD004D28BD /* ActivityCell.swift in Sources */,
				EB2D59F122B58E400014669B /* SPageThree.swift in Sources */,
				EB2D59B522B539C80014669B /* AppDelegate.swift in Sources */,
				EB2D59EC22B58DC50014669B /* CardSwipeView.swift in Sources */,
				EB2D5A1122B5ABC40014669B /* MainSelectView.swift in Sources */,
				33DA1EBB22B5D1DA004D28BD /* ActivityTableView_2.swift in Sources */,
				EB2D59F722B58E850014669B /* location_a.json in Sources */,
			);
			runOnlyForDeploymentPostprocessing = 0;
		};
/* End PBXSourcesBuildPhase section */

/* Begin PBXVariantGroup section */
		EB2D59B822B539C80014669B /* Main.storyboard */ = {
			isa = PBXVariantGroup;
			children = (
				EB2D59B922B539C80014669B /* Base */,
			);
			name = Main.storyboard;
			sourceTree = "<group>";
		};
		EB2D59BD22B539CA0014669B /* LaunchScreen.storyboard */ = {
			isa = PBXVariantGroup;
			children = (
				EB2D59BE22B539CA0014669B /* Base */,
			);
			name = LaunchScreen.storyboard;
			sourceTree = "<group>";
		};
/* End PBXVariantGroup section */

/* Begin XCBuildConfiguration section */
		EB2D59C122B539CA0014669B /* Debug */ = {
			isa = XCBuildConfiguration;
			buildSettings = {
				ALWAYS_SEARCH_USER_PATHS = NO;
				CLANG_ANALYZER_NONNULL = YES;
				CLANG_ANALYZER_NUMBER_OBJECT_CONVERSION = YES_AGGRESSIVE;
				CLANG_CXX_LANGUAGE_STANDARD = "gnu++14";
				CLANG_CXX_LIBRARY = "libc++";
				CLANG_ENABLE_MODULES = YES;
				CLANG_ENABLE_OBJC_ARC = YES;
				CLANG_ENABLE_OBJC_WEAK = YES;
				CLANG_WARN_BLOCK_CAPTURE_AUTORELEASING = YES;
				CLANG_WARN_BOOL_CONVERSION = YES;
				CLANG_WARN_COMMA = YES;
				CLANG_WARN_CONSTANT_CONVERSION = YES;
				CLANG_WARN_DEPRECATED_OBJC_IMPLEMENTATIONS = YES;
				CLANG_WARN_DIRECT_OBJC_ISA_USAGE = YES_ERROR;
				CLANG_WARN_DOCUMENTATION_COMMENTS = YES;
				CLANG_WARN_EMPTY_BODY = YES;
				CLANG_WARN_ENUM_CONVERSION = YES;
				CLANG_WARN_INFINITE_RECURSION = YES;
				CLANG_WARN_INT_CONVERSION = YES;
				CLANG_WARN_NON_LITERAL_NULL_CONVERSION = YES;
				CLANG_WARN_OBJC_IMPLICIT_RETAIN_SELF = YES;
				CLANG_WARN_OBJC_LITERAL_CONVERSION = YES;
				CLANG_WARN_OBJC_ROOT_CLASS = YES_ERROR;
				CLANG_WARN_RANGE_LOOP_ANALYSIS = YES;
				CLANG_WARN_STRICT_PROTOTYPES = YES;
				CLANG_WARN_SUSPICIOUS_MOVE = YES;
				CLANG_WARN_UNGUARDED_AVAILABILITY = YES_AGGRESSIVE;
				CLANG_WARN_UNREACHABLE_CODE = YES;
				CLANG_WARN__DUPLICATE_METHOD_MATCH = YES;
				CODE_SIGN_IDENTITY = "iPhone Developer";
				COPY_PHASE_STRIP = NO;
				DEBUG_INFORMATION_FORMAT = dwarf;
				ENABLE_STRICT_OBJC_MSGSEND = YES;
				ENABLE_TESTABILITY = YES;
				GCC_C_LANGUAGE_STANDARD = gnu11;
				GCC_DYNAMIC_NO_PIC = NO;
				GCC_NO_COMMON_BLOCKS = YES;
				GCC_OPTIMIZATION_LEVEL = 0;
				GCC_PREPROCESSOR_DEFINITIONS = (
					"DEBUG=1",
					"$(inherited)",
				);
				GCC_WARN_64_TO_32_BIT_CONVERSION = YES;
				GCC_WARN_ABOUT_RETURN_TYPE = YES_ERROR;
				GCC_WARN_UNDECLARED_SELECTOR = YES;
				GCC_WARN_UNINITIALIZED_AUTOS = YES_AGGRESSIVE;
				GCC_WARN_UNUSED_FUNCTION = YES;
				GCC_WARN_UNUSED_VARIABLE = YES;
				IPHONEOS_DEPLOYMENT_TARGET = 12.2;
				MTL_ENABLE_DEBUG_INFO = INCLUDE_SOURCE;
				MTL_FAST_MATH = YES;
				ONLY_ACTIVE_ARCH = YES;
				SDKROOT = iphoneos;
				SWIFT_ACTIVE_COMPILATION_CONDITIONS = DEBUG;
				SWIFT_OPTIMIZATION_LEVEL = "-Onone";
			};
			name = Debug;
		};
		EB2D59C222B539CA0014669B /* Release */ = {
			isa = XCBuildConfiguration;
			buildSettings = {
				ALWAYS_SEARCH_USER_PATHS = NO;
				CLANG_ANALYZER_NONNULL = YES;
				CLANG_ANALYZER_NUMBER_OBJECT_CONVERSION = YES_AGGRESSIVE;
				CLANG_CXX_LANGUAGE_STANDARD = "gnu++14";
				CLANG_CXX_LIBRARY = "libc++";
				CLANG_ENABLE_MODULES = YES;
				CLANG_ENABLE_OBJC_ARC = YES;
				CLANG_ENABLE_OBJC_WEAK = YES;
				CLANG_WARN_BLOCK_CAPTURE_AUTORELEASING = YES;
				CLANG_WARN_BOOL_CONVERSION = YES;
				CLANG_WARN_COMMA = YES;
				CLANG_WARN_CONSTANT_CONVERSION = YES;
				CLANG_WARN_DEPRECATED_OBJC_IMPLEMENTATIONS = YES;
				CLANG_WARN_DIRECT_OBJC_ISA_USAGE = YES_ERROR;
				CLANG_WARN_DOCUMENTATION_COMMENTS = YES;
				CLANG_WARN_EMPTY_BODY = YES;
				CLANG_WARN_ENUM_CONVERSION = YES;
				CLANG_WARN_INFINITE_RECURSION = YES;
				CLANG_WARN_INT_CONVERSION = YES;
				CLANG_WARN_NON_LITERAL_NULL_CONVERSION = YES;
				CLANG_WARN_OBJC_IMPLICIT_RETAIN_SELF = YES;
				CLANG_WARN_OBJC_LITERAL_CONVERSION = YES;
				CLANG_WARN_OBJC_ROOT_CLASS = YES_ERROR;
				CLANG_WARN_RANGE_LOOP_ANALYSIS = YES;
				CLANG_WARN_STRICT_PROTOTYPES = YES;
				CLANG_WARN_SUSPICIOUS_MOVE = YES;
				CLANG_WARN_UNGUARDED_AVAILABILITY = YES_AGGRESSIVE;
				CLANG_WARN_UNREACHABLE_CODE = YES;
				CLANG_WARN__DUPLICATE_METHOD_MATCH = YES;
				CODE_SIGN_IDENTITY = "iPhone Developer";
				COPY_PHASE_STRIP = NO;
				DEBUG_INFORMATION_FORMAT = "dwarf-with-dsym";
				ENABLE_NS_ASSERTIONS = NO;
				ENABLE_STRICT_OBJC_MSGSEND = YES;
				GCC_C_LANGUAGE_STANDARD = gnu11;
				GCC_NO_COMMON_BLOCKS = YES;
				GCC_WARN_64_TO_32_BIT_CONVERSION = YES;
				GCC_WARN_ABOUT_RETURN_TYPE = YES_ERROR;
				GCC_WARN_UNDECLARED_SELECTOR = YES;
				GCC_WARN_UNINITIALIZED_AUTOS = YES_AGGRESSIVE;
				GCC_WARN_UNUSED_FUNCTION = YES;
				GCC_WARN_UNUSED_VARIABLE = YES;
				IPHONEOS_DEPLOYMENT_TARGET = 12.2;
				MTL_ENABLE_DEBUG_INFO = NO;
				MTL_FAST_MATH = YES;
				SDKROOT = iphoneos;
				SWIFT_COMPILATION_MODE = wholemodule;
				SWIFT_OPTIMIZATION_LEVEL = "-O";
				VALIDATE_PRODUCT = YES;
			};
			name = Release;
		};
		EB2D59C422B539CA0014669B /* Debug */ = {
			isa = XCBuildConfiguration;
			baseConfigurationReference = 28CEC85C13CFE5F620428404 /* Pods-bored-together.debug.xcconfig */;
			buildSettings = {
				ASSETCATALOG_COMPILER_APPICON_NAME = AppIcon;
				CODE_SIGN_STYLE = Automatic;
				DEVELOPMENT_TEAM = 43PKD3926A;
				INFOPLIST_FILE = "bored-together/Info.plist";
				LD_RUNPATH_SEARCH_PATHS = (
					"$(inherited)",
					"@executable_path/Frameworks",
				);
				PRODUCT_BUNDLE_IDENTIFIER = "team19.bored-together";
				PRODUCT_NAME = "$(TARGET_NAME)";
				SWIFT_VERSION = 5.0;
				TARGETED_DEVICE_FAMILY = "1,2";
			};
			name = Debug;
		};
		EB2D59C522B539CA0014669B /* Release */ = {
			isa = XCBuildConfiguration;
			baseConfigurationReference = 38184EE1DABD9FF96C1C3334 /* Pods-bored-together.release.xcconfig */;
			buildSettings = {
				ASSETCATALOG_COMPILER_APPICON_NAME = AppIcon;
				CODE_SIGN_STYLE = Automatic;
				DEVELOPMENT_TEAM = 43PKD3926A;
				INFOPLIST_FILE = "bored-together/Info.plist";
				LD_RUNPATH_SEARCH_PATHS = (
					"$(inherited)",
					"@executable_path/Frameworks",
				);
				PRODUCT_BUNDLE_IDENTIFIER = "team19.bored-together";
				PRODUCT_NAME = "$(TARGET_NAME)";
				SWIFT_VERSION = 5.0;
				TARGETED_DEVICE_FAMILY = "1,2";
			};
			name = Release;
		};
/* End XCBuildConfiguration section */

/* Begin XCConfigurationList section */
		EB2D59AC22B539C80014669B /* Build configuration list for PBXProject "bored-together" */ = {
			isa = XCConfigurationList;
			buildConfigurations = (
				EB2D59C122B539CA0014669B /* Debug */,
				EB2D59C222B539CA0014669B /* Release */,
			);
			defaultConfigurationIsVisible = 0;
			defaultConfigurationName = Release;
		};
		EB2D59C322B539CA0014669B /* Build configuration list for PBXNativeTarget "bored-together" */ = {
			isa = XCConfigurationList;
			buildConfigurations = (
				EB2D59C422B539CA0014669B /* Debug */,
				EB2D59C522B539CA0014669B /* Release */,
			);
			defaultConfigurationIsVisible = 0;
			defaultConfigurationName = Release;
		};
/* End XCConfigurationList section */
	};
	rootObject = EB2D59A922B539C80014669B /* Project object */;
}
